nuttx_commit=6a343f99e60961790407a889df9f2dda447f518c
nuttx_apps_commit=4ae7d5ad05a16220c4ce5053a52767ed304a8438
p2llvm_commit=bdcefcce7860b2232c06f35726fea679a3a7309c
p2llvm_llvm_project_commit=72a9bb1ef2656d9953d1f41a8196d425ff2ab0b1
p2llvm_loadp2_commit=21e074cc7ee6fbd4fb12ef5352544b3457a6729c
flexprop_commit=858f51c4a24e7ae0f6cbc78f625c731083ad304f
spin2cpp_commit=28f1b80fc3a36422fb0a1f7c54465d808634abc8
loadp2_commit=c20afedd4253d09da449fa740f8d4304481fc560
compiler=clang version 14.0.0 (https://github.com/ne75/llvm-project.git 72a9bb1ef2656d9953d1f41a8196d425ff2ab0b1)
linker=LLD 14.0.0 (compatible with GNU linkers)
kconfig_conf=/Users/fred/.local/nuttx-tools/kconfig-frontends/bin/kconfig-conf
kconfig_parser_version=4.11.0
python=Python 3.13.0
pyserial=3.5
pyelftools=0.32
host_os=Darwin MacBook-Air-de-Frederick.local 25.5.0 Darwin Kernel Version 25.5.0: Mon Apr 27 20:40:51 PDT 2026; root:xnu-12377.121.6~2/RELEASE_ARM64_T8112 arm64 arm Darwin
p2llvm_libc=skipped_not_installed
p2llvm_libp2_shims=unused stdio.h and math.h includes only
p2llvm_preempt_safe_integer=verified q-free Hub libcalls and limb-expanded mulh
p2llvm_linker_aug20_guard=verified offset-zero rejection and explicit-AUGS link
p2llvm_bool_memory=verified global/static i1 loads and stores at O0 Os O2
p2llvm_compare64=verified high-first signed/unsigned limb comparisons at O0 Os O2
p2llvm_preempt_patch=p2llvm-preempt-safe-integer.patch
p2llvm_darwin_cmake=-DLLVM_ENABLE_ZLIB=OFF -DLLVM_ENABLE_LIBXML2=OFF -DCMAKE_DISABLE_FIND_PACKAGE_Backtrace:BOOL=TRUE
p2_flags=--target=p2 -fno-jump-tables -ffunction-sections -fdata-sections -fno-common -fno-builtin -Os
sha256=5881c8b635bcad1d2f95eea18f9c6aaae5285052ac4658fb57e2cbb583ea3b38  /Volumes/SSD2TB/Code/nuttx/tools/p2/patches/p2llvm-preempt-safe-integer.patch
sha256=8ee692c50735715d1259b0775b75bf231b9703f6c4f233254facaec9c5d2bcf8  /Users/fred/.local/nuttx-tools/kconfig-frontends/bin/kconfig-conf
sha256=cc89d3c27b75c9e059093d1e5c6cc7a392b74d977e30d90ca9994f97001224f7  /Volumes/SSD2TB/Code/.p2-nuttx-cache/p2llvm/install/bin/clang
sha256=d49992169271c83f92e96e775ba0531f9260014960eab57bc7d4a761b260d6b1  /Volumes/SSD2TB/Code/.p2-nuttx-cache/p2llvm/install/bin/ld.lld
sha256=bedb67b07e2fe6fcdab5e99d4bbad465ef945f466a72827fb0dd1f6133ce52f0  /Volumes/SSD2TB/Code/.p2-nuttx-cache/p2llvm/install/libp2/lib/libp2.a
sha256=398fc0a5eeae16314c4a429c17b760f982d896e20b0d20e9727e0fb1c97c9791  /Volumes/SSD2TB/Code/.p2-nuttx-cache/flexprop-src/bin/flexspin
sha256=543c7d522d27f429120e6a35e32ea19394fa85412fb07f41784748094a03c2aa  /Volumes/SSD2TB/Code/.p2-nuttx-cache/flexprop-src/bin/loadp2
